
Microsoft Visual Studio Solution File, Format Version 12.00
# Visual Studio Version 17
VisualStudioVersion = 17.0.32014.148
MinimumVisualStudioVersion = 10.0.40219.1
Project("{FAE04EC0-301F-11D3-BF4B-00C04F79EFBC}") = "PatikaWeekFour", "PatikaWeekFour\PatikaWeekFour.csproj", "{D8EAB9FB-4F6D-4851-B494-E138DEF36835}"
EndProject
Global
	GlobalSection(SolutionConfigurationPlatforms) = preSolution
		Debug|Any CPU = Debug|Any CPU
		Release|Any CPU = Release|Any CPU
	EndGlobalSection
	GlobalSection(ProjectConfigurationPlatforms) = postSolution
		{D8EAB9FB-4F6D-4851-B494-E138DEF36835}.Debug|Any CPU.ActiveCfg = Debug|Any CPU
		{D8EAB9FB-4F6D-4851-B494-E138DEF36835}.Debug|Any CPU.Build.0 = Debug|Any CPU
		{D8EAB9FB-4F6D-4851-B494-E138DEF36835}.Release|Any CPU.ActiveCfg = Release|Any CPU
		{D8EAB9FB-4F6D-4851-B494-E138DEF36835}.Release|Any CPU.Build.0 = Release|Any CPU
	EndGlobalSection
	GlobalSection(SolutionProperties) = preSolution
		HideSolutionNode = FALSE
	EndGlobalSection
	GlobalSection(ExtensibilityGlobals) = postSolution
		SolutionGuid = {2E323C90-0A6B-4C61-80F8-9B914E83BD72}
	EndGlobalSection
EndGlobal
