
Microsoft Visual Studio Solution File, Format Version 12.00
# Visual Studio Version 17
VisualStudioVersion = 17.0.32014.148
MinimumVisualStudioVersion = 10.0.40219.1
Project("{FAE04EC0-301F-11D3-BF4B-00C04F79EFBC}") = "UnluCo.Week.Five", "UnluCo.Week.Five\UnluCo.Week.Five.csproj", "{C3B6F59A-112E-4688-8354-FD1FA946CE6A}"
EndProject
Global
	GlobalSection(SolutionConfigurationPlatforms) = preSolution
		Debug|Any CPU = Debug|Any CPU
		Release|Any CPU = Release|Any CPU
	EndGlobalSection
	GlobalSection(ProjectConfigurationPlatforms) = postSolution
		{C3B6F59A-112E-4688-8354-FD1FA946CE6A}.Debug|Any CPU.ActiveCfg = Debug|Any CPU
		{C3B6F59A-112E-4688-8354-FD1FA946CE6A}.Debug|Any CPU.Build.0 = Debug|Any CPU
		{C3B6F59A-112E-4688-8354-FD1FA946CE6A}.Release|Any CPU.ActiveCfg = Release|Any CPU
		{C3B6F59A-112E-4688-8354-FD1FA946CE6A}.Release|Any CPU.Build.0 = Release|Any CPU
	EndGlobalSection
	GlobalSection(SolutionProperties) = preSolution
		HideSolutionNode = FALSE
	EndGlobalSection
	GlobalSection(ExtensibilityGlobals) = postSolution
		SolutionGuid = {6B383B16-278C-4891-8D0E-09EE2871D22A}
	EndGlobalSection
EndGlobal
